
Microsoft Visual Studio Solution File, Format Version 12.00
# Visual Studio Express 2012 for Windows Desktop
Project("{FAE04EC0-301F-11D3-BF4B-00C04F79EFBC}") = "KaLibCs", "KaLibCs\KaLibCs.csproj", "{5EA1849F-44BC-4B0B-9CC8-8C90273566DA}"
EndProject
Project("{FAE04EC0-301F-11D3-BF4B-00C04F79EFBC}") = "KaLibCsWithWinForm", "KaLibCsWithWinForm\KaLibCsWithWinForm.csproj", "{848E4D70-8D89-4249-A6C1-62EDF595DC5B}"
EndProject
Project("{FAE04EC0-301F-11D3-BF4B-00C04F79EFBC}") = "KaLibCsForGame", "KaLibCsForGame\KaLibCsForGame.csproj", "{53CE333B-87A1-40EB-99E9-11336039C3E2}"
	ProjectSection(ProjectDependencies) = postProject
		{5EA1849F-44BC-4B0B-9CC8-8C90273566DA} = {5EA1849F-44BC-4B0B-9CC8-8C90273566DA}
	EndProjectSection
EndProject
Global
	GlobalSection(SolutionConfigurationPlatforms) = preSolution
		Debug|Any CPU = Debug|Any CPU
		Release|Any CPU = Release|Any CPU
	EndGlobalSection
	GlobalSection(ProjectConfigurationPlatforms) = postSolution
		{5EA1849F-44BC-4B0B-9CC8-8C90273566DA}.Debug|Any CPU.ActiveCfg = Debug|Any CPU
		{5EA1849F-44BC-4B0B-9CC8-8C90273566DA}.Debug|Any CPU.Build.0 = Debug|Any CPU
		{5EA1849F-44BC-4B0B-9CC8-8C90273566DA}.Release|Any CPU.ActiveCfg = Release|Any CPU
		{5EA1849F-44BC-4B0B-9CC8-8C90273566DA}.Release|Any CPU.Build.0 = Release|Any CPU
		{848E4D70-8D89-4249-A6C1-62EDF595DC5B}.Debug|Any CPU.ActiveCfg = Debug|Any CPU
		{848E4D70-8D89-4249-A6C1-62EDF595DC5B}.Debug|Any CPU.Build.0 = Debug|Any CPU
		{848E4D70-8D89-4249-A6C1-62EDF595DC5B}.Release|Any CPU.ActiveCfg = Release|Any CPU
		{848E4D70-8D89-4249-A6C1-62EDF595DC5B}.Release|Any CPU.Build.0 = Release|Any CPU
		{53CE333B-87A1-40EB-99E9-11336039C3E2}.Debug|Any CPU.ActiveCfg = Debug|Any CPU
		{53CE333B-87A1-40EB-99E9-11336039C3E2}.Debug|Any CPU.Build.0 = Debug|Any CPU
		{53CE333B-87A1-40EB-99E9-11336039C3E2}.Release|Any CPU.ActiveCfg = Release|Any CPU
		{53CE333B-87A1-40EB-99E9-11336039C3E2}.Release|Any CPU.Build.0 = Release|Any CPU
	EndGlobalSection
	GlobalSection(SolutionProperties) = preSolution
		HideSolutionNode = FALSE
	EndGlobalSection
EndGlobal
